
Microsoft Visual Studio Solution File, Format Version 12.00
# Visual Studio 15
VisualStudioVersion = 15.0.28307.779
MinimumVisualStudioVersion = 10.0.40219.1
Project("{FAE04EC0-301F-11D3-BF4B-00C04F79EFBC}") = "GoogleAuth.Presentation", "GoogleAuth.Presentation\GoogleAuth.Presentation.csproj", "{31B45A52-EBE9-42C6-BE83-58D608A8AB23}"
EndProject
Project("{2150E333-8FDC-42A3-9474-1A3956D46DE8}") = "Solution Items", "Solution Items", "{6360EF29-DEE8-4FD5-AE6A-889198F38BF7}"
	ProjectSection(SolutionItems) = preProject
		info.txt = info.txt
	EndProjectSection
EndProject
Project("{FAE04EC0-301F-11D3-BF4B-00C04F79EFBC}") = "GoogleAuth.Util", "GoogleAuth.Util\GoogleAuth.Util.csproj", "{F6E50B90-D809-41ED-8459-C2E5DE639AE8}"
EndProject
Project("{FAE04EC0-301F-11D3-BF4B-00C04F79EFBC}") = "GoogleAuth.GoogleIntegration", "GoogleAuth.GoogleIntegration\GoogleAuth.GoogleIntegration.csproj", "{4C446102-89E8-4B09-B846-F38727DC613E}"
EndProject
Global
	GlobalSection(SolutionConfigurationPlatforms) = preSolution
		Debug|Any CPU = Debug|Any CPU
		Release|Any CPU = Release|Any CPU
	EndGlobalSection
	GlobalSection(ProjectConfigurationPlatforms) = postSolution
		{31B45A52-EBE9-42C6-BE83-58D608A8AB23}.Debug|Any CPU.ActiveCfg = Debug|Any CPU
		{31B45A52-EBE9-42C6-BE83-58D608A8AB23}.Debug|Any CPU.Build.0 = Debug|Any CPU
		{31B45A52-EBE9-42C6-BE83-58D608A8AB23}.Release|Any CPU.ActiveCfg = Release|Any CPU
		{31B45A52-EBE9-42C6-BE83-58D608A8AB23}.Release|Any CPU.Build.0 = Release|Any CPU
		{F6E50B90-D809-41ED-8459-C2E5DE639AE8}.Debug|Any CPU.ActiveCfg = Debug|Any CPU
		{F6E50B90-D809-41ED-8459-C2E5DE639AE8}.Debug|Any CPU.Build.0 = Debug|Any CPU
		{F6E50B90-D809-41ED-8459-C2E5DE639AE8}.Release|Any CPU.ActiveCfg = Release|Any CPU
		{F6E50B90-D809-41ED-8459-C2E5DE639AE8}.Release|Any CPU.Build.0 = Release|Any CPU
		{4C446102-89E8-4B09-B846-F38727DC613E}.Debug|Any CPU.ActiveCfg = Debug|Any CPU
		{4C446102-89E8-4B09-B846-F38727DC613E}.Debug|Any CPU.Build.0 = Debug|Any CPU
		{4C446102-89E8-4B09-B846-F38727DC613E}.Release|Any CPU.ActiveCfg = Release|Any CPU
		{4C446102-89E8-4B09-B846-F38727DC613E}.Release|Any CPU.Build.0 = Release|Any CPU
	EndGlobalSection
	GlobalSection(SolutionProperties) = preSolution
		HideSolutionNode = FALSE
	EndGlobalSection
	GlobalSection(ExtensibilityGlobals) = postSolution
		SolutionGuid = {FAEF3160-E3B6-43BE-8228-60688904FD9E}
	EndGlobalSection
EndGlobal
